// !$*UTF8*$!
{
	archiveVersion = 1;
	classes = {
	};
	objectVersion = 55;
	objects = {

/* Begin PBXBuildFile section */
		041C8C3929C0259600B3670E /* iOSExerciseApp.swift in Sources */ = {isa = PBXBuildFile; fileRef = 041C8C3829C0259600B3670E /* iOSExerciseApp.swift */; };
		041C8C3B29C0259600B3670E /* ContentView.swift in Sources */ = {isa = PBXBuildFile; fileRef = 041C8C3A29C0259600B3670E /* ContentView.swift */; };
		041C8C3D29C0259900B3670E /* Assets.xcassets in Resources */ = {isa = PBXBuildFile; fileRef = 041C8C3C29C0259900B3670E /* Assets.xcassets */; };
		041C8C4029C0259900B3670E /* Preview Assets.xcassets in Resources */ = {isa = PBXBuildFile; fileRef = 041C8C3F29C0259900B3670E /* Preview Assets.xcassets */; };
		041C8C5429C0259A00B3670E /* iOSExerciseUITests.swift in Sources */ = {isa = PBXBuildFile; fileRef = 041C8C5329C0259A00B3670E /* iOSExerciseUITests.swift */; };
		041C8C5629C0259A00B3670E /* iOSExerciseUITestsLaunchTests.swift in Sources */ = {isa = PBXBuildFile; fileRef = 041C8C5529C0259A00B3670E /* iOSExerciseUITestsLaunchTests.swift */; };
		041C8C6A29C0274700B3670E /* NetworkService.swift in Sources */ = {isa = PBXBuildFile; fileRef = 041C8C6929C0274700B3670E /* NetworkService.swift */; };
		041C8C6C29C0275500B3670E /* NetworkSessionManager.swift in Sources */ = {isa = PBXBuildFile; fileRef = 041C8C6B29C0275500B3670E /* NetworkSessionManager.swift */; };
		041C8C6E29C0276300B3670E /* EndPoint.swift in Sources */ = {isa = PBXBuildFile; fileRef = 041C8C6D29C0276300B3670E /* EndPoint.swift */; };
		041C8C7029C027AC00B3670E /* AppConfiguration.swift in Sources */ = {isa = PBXBuildFile; fileRef = 041C8C6F29C027AC00B3670E /* AppConfiguration.swift */; };
		041C8C7329C0286100B3670E /* APIEndpoints.swift in Sources */ = {isa = PBXBuildFile; fileRef = 041C8C7229C0286100B3670E /* APIEndpoints.swift */; };
		041C8C7529C0288800B3670E /* User.swift in Sources */ = {isa = PBXBuildFile; fileRef = 041C8C7429C0288800B3670E /* User.swift */; };
		041C8C7729C0289400B3670E /* UserAlbum.swift in Sources */ = {isa = PBXBuildFile; fileRef = 041C8C7629C0289400B3670E /* UserAlbum.swift */; };
		041C8C7929C028A000B3670E /* UserPhoto.swift in Sources */ = {isa = PBXBuildFile; fileRef = 041C8C7829C028A000B3670E /* UserPhoto.swift */; };
		041C8C7D29C0291E00B3670E /* NetworkServiceTests.swift in Sources */ = {isa = PBXBuildFile; fileRef = 041C8C7C29C0291E00B3670E /* NetworkServiceTests.swift */; };
		041C8C7F29C0297000B3670E /* AppDataService.swift in Sources */ = {isa = PBXBuildFile; fileRef = 041C8C7E29C0297000B3670E /* AppDataService.swift */; };
		041C8C8129C029A300B3670E /* AppDataServiceTests.swift in Sources */ = {isa = PBXBuildFile; fileRef = 041C8C8029C029A300B3670E /* AppDataServiceTests.swift */; };
/* End PBXBuildFile section */

/* Begin PBXContainerItemProxy section */
		041C8C4629C0259900B3670E /* PBXContainerItemProxy */ = {
			isa = PBXContainerItemProxy;
			containerPortal = 041C8C2D29C0259600B3670E /* Project object */;
			proxyType = 1;
			remoteGlobalIDString = 041C8C3429C0259600B3670E;
			remoteInfo = iOSExercise;
		};
		041C8C5029C0259A00B3670E /* PBXContainerItemProxy */ = {
			isa = PBXContainerItemProxy;
			containerPortal = 041C8C2D29C0259600B3670E /* Project object */;
			proxyType = 1;
			remoteGlobalIDString = 041C8C3429C0259600B3670E;
			remoteInfo = iOSExercise;
		};
/* End PBXContainerItemProxy section */

/* Begin PBXFileReference section */
		041C8C3529C0259600B3670E /* iOSExercise.app */ = {isa = PBXFileReference; explicitFileType = wrapper.application; includeInIndex = 0; path = iOSExercise.app; sourceTree = BUILT_PRODUCTS_DIR; };
		041C8C3829C0259600B3670E /* iOSExerciseApp.swift */ = {isa = PBXFileReference; lastKnownFileType = sourcecode.swift; path = iOSExerciseApp.swift; sourceTree = "<group>"; };
		041C8C3A29C0259600B3670E /* ContentView.swift */ = {isa = PBXFileReference; lastKnownFileType = sourcecode.swift; path = ContentView.swift; sourceTree = "<group>"; };
		041C8C3C29C0259900B3670E /* Assets.xcassets */ = {isa = PBXFileReference; lastKnownFileType = folder.assetcatalog; path = Assets.xcassets; sourceTree = "<group>"; };
		041C8C3F29C0259900B3670E /* Preview Assets.xcassets */ = {isa = PBXFileReference; lastKnownFileType = folder.assetcatalog; path = "Preview Assets.xcassets"; sourceTree = "<group>"; };
		041C8C4529C0259900B3670E /* iOSExerciseTests.xctest */ = {isa = PBXFileReference; explicitFileType = wrapper.cfbundle; includeInIndex = 0; path = iOSExerciseTests.xctest; sourceTree = BUILT_PRODUCTS_DIR; };
		041C8C4F29C0259A00B3670E /* iOSExerciseUITests.xctest */ = {isa = PBXFileReference; explicitFileType = wrapper.cfbundle; includeInIndex = 0; path = iOSExerciseUITests.xctest; sourceTree = BUILT_PRODUCTS_DIR; };
		041C8C5329C0259A00B3670E /* iOSExerciseUITests.swift */ = {isa = PBXFileReference; lastKnownFileType = sourcecode.swift; path = iOSExerciseUITests.swift; sourceTree = "<group>"; };
		041C8C5529C0259A00B3670E /* iOSExerciseUITestsLaunchTests.swift */ = {isa = PBXFileReference; lastKnownFileType = sourcecode.swift; path = iOSExerciseUITestsLaunchTests.swift; sourceTree = "<group>"; };
		041C8C6929C0274700B3670E /* NetworkService.swift */ = {isa = PBXFileReference; lastKnownFileType = sourcecode.swift; path = NetworkService.swift; sourceTree = "<group>"; };
		041C8C6B29C0275500B3670E /* NetworkSessionManager.swift */ = {isa = PBXFileReference; lastKnownFileType = sourcecode.swift; path = NetworkSessionManager.swift; sourceTree = "<group>"; };
		041C8C6D29C0276300B3670E /* EndPoint.swift */ = {isa = PBXFileReference; lastKnownFileType = sourcecode.swift; path = EndPoint.swift; sourceTree = "<group>"; };
		041C8C6F29C027AC00B3670E /* AppConfiguration.swift */ = {isa = PBXFileReference; lastKnownFileType = sourcecode.swift; path = AppConfiguration.swift; sourceTree = "<group>"; };
		041C8C7129C0280F00B3670E /* Info.plist */ = {isa = PBXFileReference; lastKnownFileType = text.plist.xml; path = Info.plist; sourceTree = "<group>"; };
		041C8C7229C0286100B3670E /* APIEndpoints.swift */ = {isa = PBXFileReference; lastKnownFileType = sourcecode.swift; path = APIEndpoints.swift; sourceTree = "<group>"; };
		041C8C7429C0288800B3670E /* User.swift */ = {isa = PBXFileReference; lastKnownFileType = sourcecode.swift; path = User.swift; sourceTree = "<group>"; };
		041C8C7629C0289400B3670E /* UserAlbum.swift */ = {isa = PBXFileReference; lastKnownFileType = sourcecode.swift; path = UserAlbum.swift; sourceTree = "<group>"; };
		041C8C7829C028A000B3670E /* UserPhoto.swift */ = {isa = PBXFileReference; lastKnownFileType = sourcecode.swift; path = UserPhoto.swift; sourceTree = "<group>"; };
		041C8C7C29C0291E00B3670E /* NetworkServiceTests.swift */ = {isa = PBXFileReference; lastKnownFileType = sourcecode.swift; path = NetworkServiceTests.swift; sourceTree = "<group>"; };
		041C8C7E29C0297000B3670E /* AppDataService.swift */ = {isa = PBXFileReference; lastKnownFileType = sourcecode.swift; path = AppDataService.swift; sourceTree = "<group>"; };
		041C8C8029C029A300B3670E /* AppDataServiceTests.swift */ = {isa = PBXFileReference; lastKnownFileType = sourcecode.swift; path = AppDataServiceTests.swift; sourceTree = "<group>"; };
/* End PBXFileReference section */

/* Begin PBXFrameworksBuildPhase section */
		041C8C3229C0259600B3670E /* Frameworks */ = {
			isa = PBXFrameworksBuildPhase;
			buildActionMask = 2147483647;
			files = (
			);
			runOnlyForDeploymentPostprocessing = 0;
		};
		041C8C4229C0259900B3670E /* Frameworks */ = {
			isa = PBXFrameworksBuildPhase;
			buildActionMask = 2147483647;
			files = (
			);
			runOnlyForDeploymentPostprocessing = 0;
		};
		041C8C4C29C0259A00B3670E /* Frameworks */ = {
			isa = PBXFrameworksBuildPhase;
			buildActionMask = 2147483647;
			files = (
			);
			runOnlyForDeploymentPostprocessing = 0;
		};
/* End PBXFrameworksBuildPhase section */

/* Begin PBXGroup section */
		041C8C2C29C0259600B3670E = {
			isa = PBXGroup;
			children = (
				041C8C3729C0259600B3670E /* iOSExercise */,
				041C8C4829C0259A00B3670E /* iOSExerciseTests */,
				041C8C5229C0259A00B3670E /* iOSExerciseUITests */,
				041C8C3629C0259600B3670E /* Products */,
			);
			sourceTree = "<group>";
		};
		041C8C3629C0259600B3670E /* Products */ = {
			isa = PBXGroup;
			children = (
				041C8C3529C0259600B3670E /* iOSExercise.app */,
				041C8C4529C0259900B3670E /* iOSExerciseTests.xctest */,
				041C8C4F29C0259A00B3670E /* iOSExerciseUITests.xctest */,
			);
			name = Products;
			sourceTree = "<group>";
		};
		041C8C3729C0259600B3670E /* iOSExercise */ = {
			isa = PBXGroup;
			children = (
				041C8C6529C0269E00B3670E /* Application */,
				041C8C6429C0268400B3670E /* Models */,
				041C8C6229C0266B00B3670E /* Views */,
				041C8C6329C0267700B3670E /* ViewModels */,
				041C8C6729C026F900B3670E /* Services */,
				041C8C6629C026AD00B3670E /* Resources */,
			);
			path = iOSExercise;
			sourceTree = "<group>";
		};
		041C8C3E29C0259900B3670E /* Preview Content */ = {
			isa = PBXGroup;
			children = (
				041C8C3F29C0259900B3670E /* Preview Assets.xcassets */,
			);
			path = "Preview Content";
			sourceTree = "<group>";
		};
		041C8C4829C0259A00B3670E /* iOSExerciseTests */ = {
			isa = PBXGroup;
			children = (
				041C8C7A29C028F100B3670E /* Services */,
			);
			path = iOSExerciseTests;
			sourceTree = "<group>";
		};
		041C8C5229C0259A00B3670E /* iOSExerciseUITests */ = {
			isa = PBXGroup;
			children = (
				041C8C5329C0259A00B3670E /* iOSExerciseUITests.swift */,
				041C8C5529C0259A00B3670E /* iOSExerciseUITestsLaunchTests.swift */,
			);
			path = iOSExerciseUITests;
			sourceTree = "<group>";
		};
		041C8C6229C0266B00B3670E /* Views */ = {
			isa = PBXGroup;
			children = (
				041C8C3A29C0259600B3670E /* ContentView.swift */,
			);
			path = Views;
			sourceTree = "<group>";
		};
		041C8C6329C0267700B3670E /* ViewModels */ = {
			isa = PBXGroup;
			children = (
			);
			path = ViewModels;
			sourceTree = "<group>";
		};
		041C8C6429C0268400B3670E /* Models */ = {
			isa = PBXGroup;
			children = (
				041C8C7429C0288800B3670E /* User.swift */,
				041C8C7629C0289400B3670E /* UserAlbum.swift */,
				041C8C7829C028A000B3670E /* UserPhoto.swift */,
			);
			path = Models;
			sourceTree = "<group>";
		};
		041C8C6529C0269E00B3670E /* Application */ = {
			isa = PBXGroup;
			children = (
				041C8C3829C0259600B3670E /* iOSExerciseApp.swift */,
				041C8C6F29C027AC00B3670E /* AppConfiguration.swift */,
			);
			path = Application;
			sourceTree = "<group>";
		};
		041C8C6629C026AD00B3670E /* Resources */ = {
			isa = PBXGroup;
			children = (
				041C8C7129C0280F00B3670E /* Info.plist */,
				041C8C3E29C0259900B3670E /* Preview Content */,
				041C8C3C29C0259900B3670E /* Assets.xcassets */,
			);
			path = Resources;
			sourceTree = "<group>";
		};
		041C8C6729C026F900B3670E /* Services */ = {
			isa = PBXGroup;
			children = (
				041C8C7E29C0297000B3670E /* AppDataService.swift */,
				041C8C6829C0271600B3670E /* Network */,
			);
			path = Services;
			sourceTree = "<group>";
		};
		041C8C6829C0271600B3670E /* Network */ = {
			isa = PBXGroup;
			children = (
				041C8C6929C0274700B3670E /* NetworkService.swift */,
				041C8C6B29C0275500B3670E /* NetworkSessionManager.swift */,
				041C8C6D29C0276300B3670E /* EndPoint.swift */,
				041C8C7229C0286100B3670E /* APIEndpoints.swift */,
			);
			path = Network;
			sourceTree = "<group>";
		};
		041C8C7A29C028F100B3670E /* Services */ = {
			isa = PBXGroup;
			children = (
				041C8C8029C029A300B3670E /* AppDataServiceTests.swift */,
				041C8C7B29C028FB00B3670E /* Network */,
			);
			path = Services;
			sourceTree = "<group>";
		};
		041C8C7B29C028FB00B3670E /* Network */ = {
			isa = PBXGroup;
			children = (
				041C8C7C29C0291E00B3670E /* NetworkServiceTests.swift */,
			);
			path = Network;
			sourceTree = "<group>";
		};
/* End PBXGroup section */

/* Begin PBXNativeTarget section */
		041C8C3429C0259600B3670E /* iOSExercise */ = {
			isa = PBXNativeTarget;
			buildConfigurationList = 041C8C5929C0259A00B3670E /* Build configuration list for PBXNativeTarget "iOSExercise" */;
			buildPhases = (
				041C8C3129C0259600B3670E /* Sources */,
				041C8C3229C0259600B3670E /* Frameworks */,
				041C8C3329C0259600B3670E /* Resources */,
			);
			buildRules = (
			);
			dependencies = (
			);
			name = iOSExercise;
			productName = iOSExercise;
			productReference = 041C8C3529C0259600B3670E /* iOSExercise.app */;
			productType = "com.apple.product-type.application";
		};
		041C8C4429C0259900B3670E /* iOSExerciseTests */ = {
			isa = PBXNativeTarget;
			buildConfigurationList = 041C8C5C29C0259A00B3670E /* Build configuration list for PBXNativeTarget "iOSExerciseTests" */;
			buildPhases = (
				041C8C4129C0259900B3670E /* Sources */,
				041C8C4229C0259900B3670E /* Frameworks */,
				041C8C4329C0259900B3670E /* Resources */,
			);
			buildRules = (
			);
			dependencies = (
				041C8C4729C0259900B3670E /* PBXTargetDependency */,
			);
			name = iOSExerciseTests;
			productName = iOSExerciseTests;
			productReference = 041C8C4529C0259900B3670E /* iOSExerciseTests.xctest */;
			productType = "com.apple.product-type.bundle.unit-test";
		};
		041C8C4E29C0259A00B3670E /* iOSExerciseUITests */ = {
			isa = PBXNativeTarget;
			buildConfigurationList = 041C8C5F29C0259A00B3670E /* Build configuration list for PBXNativeTarget "iOSExerciseUITests" */;
			buildPhases = (
				041C8C4B29C0259A00B3670E /* Sources */,
				041C8C4C29C0259A00B3670E /* Frameworks */,
				041C8C4D29C0259A00B3670E /* Resources */,
			);
			buildRules = (
			);
			dependencies = (
				041C8C5129C0259A00B3670E /* PBXTargetDependency */,
			);
			name = iOSExerciseUITests;
			productName = iOSExerciseUITests;
			productReference = 041C8C4F29C0259A00B3670E /* iOSExerciseUITests.xctest */;
			productType = "com.apple.product-type.bundle.ui-testing";
		};
/* End PBXNativeTarget section */

/* Begin PBXProject section */
		041C8C2D29C0259600B3670E /* Project object */ = {
			isa = PBXProject;
			attributes = {
				BuildIndependentTargetsInParallel = 1;
				LastSwiftUpdateCheck = 1320;
				LastUpgradeCheck = 1320;
				TargetAttributes = {
					041C8C3429C0259600B3670E = {
						CreatedOnToolsVersion = 13.2.1;
					};
					041C8C4429C0259900B3670E = {
						CreatedOnToolsVersion = 13.2.1;
						TestTargetID = 041C8C3429C0259600B3670E;
					};
					041C8C4E29C0259A00B3670E = {
						CreatedOnToolsVersion = 13.2.1;
						TestTargetID = 041C8C3429C0259600B3670E;
					};
				};
			};
			buildConfigurationList = 041C8C3029C0259600B3670E /* Build configuration list for PBXProject "iOSExercise" */;
			compatibilityVersion = "Xcode 13.0";
			developmentRegion = en;
			hasScannedForEncodings = 0;
			knownRegions = (
				en,
				Base,
			);
			mainGroup = 041C8C2C29C0259600B3670E;
			productRefGroup = 041C8C3629C0259600B3670E /* Products */;
			projectDirPath = "";
			projectRoot = "";
			targets = (
				041C8C3429C0259600B3670E /* iOSExercise */,
				041C8C4429C0259900B3670E /* iOSExerciseTests */,
				041C8C4E29C0259A00B3670E /* iOSExerciseUITests */,
			);
		};
/* End PBXProject section */

/* Begin PBXResourcesBuildPhase section */
		041C8C3329C0259600B3670E /* Resources */ = {
			isa = PBXResourcesBuildPhase;
			buildActionMask = 2147483647;
			files = (
				041C8C4029C0259900B3670E /* Preview Assets.xcassets in Resources */,
				041C8C3D29C0259900B3670E /* Assets.xcassets in Resources */,
			);
			runOnlyForDeploymentPostprocessing = 0;
		};
		041C8C4329C0259900B3670E /* Resources */ = {
			isa = PBXResourcesBuildPhase;
			buildActionMask = 2147483647;
			files = (
			);
			runOnlyForDeploymentPostprocessing = 0;
		};
		041C8C4D29C0259A00B3670E /* Resources */ = {
			isa = PBXResourcesBuildPhase;
			buildActionMask = 2147483647;
			files = (
			);
			runOnlyForDeploymentPostprocessing = 0;
		};
/* End PBXResourcesBuildPhase section */

/* Begin PBXSourcesBuildPhase section */
		041C8C3129C0259600B3670E /* Sources */ = {
			isa = PBXSourcesBuildPhase;
			buildActionMask = 2147483647;
			files = (
				041C8C7F29C0297000B3670E /* AppDataService.swift in Sources */,
				041C8C7029C027AC00B3670E /* AppConfiguration.swift in Sources */,
				041C8C7929C028A000B3670E /* UserPhoto.swift in Sources */,
				041C8C7329C0286100B3670E /* APIEndpoints.swift in Sources */,
				041C8C3B29C0259600B3670E /* ContentView.swift in Sources */,
				041C8C7729C0289400B3670E /* UserAlbum.swift in Sources */,
				041C8C6A29C0274700B3670E /* NetworkService.swift in Sources */,
				041C8C7529C0288800B3670E /* User.swift in Sources */,
				041C8C6E29C0276300B3670E /* EndPoint.swift in Sources */,
				041C8C3929C0259600B3670E /* iOSExerciseApp.swift in Sources */,
				041C8C6C29C0275500B3670E /* NetworkSessionManager.swift in Sources */,
			);
			runOnlyForDeploymentPostprocessing = 0;
		};
		041C8C4129C0259900B3670E /* Sources */ = {
			isa = PBXSourcesBuildPhase;
			buildActionMask = 2147483647;
			files = (
				041C8C8129C029A300B3670E /* AppDataServiceTests.swift in Sources */,
				041C8C7D29C0291E00B3670E /* NetworkServiceTests.swift in Sources */,
			);
			runOnlyForDeploymentPostprocessing = 0;
		};
		041C8C4B29C0259A00B3670E /* Sources */ = {
			isa = PBXSourcesBuildPhase;
			buildActionMask = 2147483647;
			files = (
				041C8C5629C0259A00B3670E /* iOSExerciseUITestsLaunchTests.swift in Sources */,
				041C8C5429C0259A00B3670E /* iOSExerciseUITests.swift in Sources */,
			);
			runOnlyForDeploymentPostprocessing = 0;
		};
/* End PBXSourcesBuildPhase section */

/* Begin PBXTargetDependency section */
		041C8C4729C0259900B3670E /* PBXTargetDependency */ = {
			isa = PBXTargetDependency;
			target = 041C8C3429C0259600B3670E /* iOSExercise */;
			targetProxy = 041C8C4629C0259900B3670E /* PBXContainerItemProxy */;
		};
		041C8C5129C0259A00B3670E /* PBXTargetDependency */ = {
			isa = PBXTargetDependency;
			target = 041C8C3429C0259600B3670E /* iOSExercise */;
			targetProxy = 041C8C5029C0259A00B3670E /* PBXContainerItemProxy */;
		};
/* End PBXTargetDependency section */

/* Begin XCBuildConfiguration section */
		041C8C5729C0259A00B3670E /* Debug */ = {
			isa = XCBuildConfiguration;
			buildSettings = {
				ALWAYS_SEARCH_USER_PATHS = NO;
				CLANG_ANALYZER_NONNULL = YES;
				CLANG_ANALYZER_NUMBER_OBJECT_CONVERSION = YES_AGGRESSIVE;
				CLANG_CXX_LANGUAGE_STANDARD = "gnu++17";
				CLANG_CXX_LIBRARY = "libc++";
				CLANG_ENABLE_MODULES = YES;
				CLANG_ENABLE_OBJC_ARC = YES;
				CLANG_ENABLE_OBJC_WEAK = YES;
				CLANG_WARN_BLOCK_CAPTURE_AUTORELEASING = YES;
				CLANG_WARN_BOOL_CONVERSION = YES;
				CLANG_WARN_COMMA = YES;
				CLANG_WARN_CONSTANT_CONVERSION = YES;
				CLANG_WARN_DEPRECATED_OBJC_IMPLEMENTATIONS = YES;
				CLANG_WARN_DIRECT_OBJC_ISA_USAGE = YES_ERROR;
				CLANG_WARN_DOCUMENTATION_COMMENTS = YES;
				CLANG_WARN_EMPTY_BODY = YES;
				CLANG_WARN_ENUM_CONVERSION = YES;
				CLANG_WARN_INFINITE_RECURSION = YES;
				CLANG_WARN_INT_CONVERSION = YES;
				CLANG_WARN_NON_LITERAL_NULL_CONVERSION = YES;
				CLANG_WARN_OBJC_IMPLICIT_RETAIN_SELF = YES;
				CLANG_WARN_OBJC_LITERAL_CONVERSION = YES;
				CLANG_WARN_OBJC_ROOT_CLASS = YES_ERROR;
				CLANG_WARN_QUOTED_INCLUDE_IN_FRAMEWORK_HEADER = YES;
				CLANG_WARN_RANGE_LOOP_ANALYSIS = YES;
				CLANG_WARN_STRICT_PROTOTYPES = YES;
				CLANG_WARN_SUSPICIOUS_MOVE = YES;
				CLANG_WARN_UNGUARDED_AVAILABILITY = YES_AGGRESSIVE;
				CLANG_WARN_UNREACHABLE_CODE = YES;
				CLANG_WARN__DUPLICATE_METHOD_MATCH = YES;
				COPY_PHASE_STRIP = NO;
				DEBUG_INFORMATION_FORMAT = dwarf;
				ENABLE_STRICT_OBJC_MSGSEND = YES;
				ENABLE_TESTABILITY = YES;
				GCC_C_LANGUAGE_STANDARD = gnu11;
				GCC_DYNAMIC_NO_PIC = NO;
				GCC_NO_COMMON_BLOCKS = YES;
				GCC_OPTIMIZATION_LEVEL = 0;
				GCC_PREPROCESSOR_DEFINITIONS = (
					"DEBUG=1",
					"$(inherited)",
				);
				GCC_WARN_64_TO_32_BIT_CONVERSION = YES;
				GCC_WARN_ABOUT_RETURN_TYPE = YES_ERROR;
				GCC_WARN_UNDECLARED_SELECTOR = YES;
				GCC_WARN_UNINITIALIZED_AUTOS = YES_AGGRESSIVE;
				GCC_WARN_UNUSED_FUNCTION = YES;
				GCC_WARN_UNUSED_VARIABLE = YES;
				IPHONEOS_DEPLOYMENT_TARGET = 15.2;
				MTL_ENABLE_DEBUG_INFO = INCLUDE_SOURCE;
				MTL_FAST_MATH = YES;
				ONLY_ACTIVE_ARCH = YES;
				SDKROOT = iphoneos;
				SWIFT_ACTIVE_COMPILATION_CONDITIONS = DEBUG;
				SWIFT_OPTIMIZATION_LEVEL = "-Onone";
			};
			name = Debug;
		};
		041C8C5829C0259A00B3670E /* Release */ = {
			isa = XCBuildConfiguration;
			buildSettings = {
				ALWAYS_SEARCH_USER_PATHS = NO;
				CLANG_ANALYZER_NONNULL = YES;
				CLANG_ANALYZER_NUMBER_OBJECT_CONVERSION = YES_AGGRESSIVE;
				CLANG_CXX_LANGUAGE_STANDARD = "gnu++17";
				CLANG_CXX_LIBRARY = "libc++";
				CLANG_ENABLE_MODULES = YES;
				CLANG_ENABLE_OBJC_ARC = YES;
				CLANG_ENABLE_OBJC_WEAK = YES;
				CLANG_WARN_BLOCK_CAPTURE_AUTORELEASING = YES;
				CLANG_WARN_BOOL_CONVERSION = YES;
				CLANG_WARN_COMMA = YES;
				CLANG_WARN_CONSTANT_CONVERSION = YES;
				CLANG_WARN_DEPRECATED_OBJC_IMPLEMENTATIONS = YES;
				CLANG_WARN_DIRECT_OBJC_ISA_USAGE = YES_ERROR;
				CLANG_WARN_DOCUMENTATION_COMMENTS = YES;
				CLANG_WARN_EMPTY_BODY = YES;
				CLANG_WARN_ENUM_CONVERSION = YES;
				CLANG_WARN_INFINITE_RECURSION = YES;
				CLANG_WARN_INT_CONVERSION = YES;
				CLANG_WARN_NON_LITERAL_NULL_CONVERSION = YES;
				CLANG_WARN_OBJC_IMPLICIT_RETAIN_SELF = YES;
				CLANG_WARN_OBJC_LITERAL_CONVERSION = YES;
				CLANG_WARN_OBJC_ROOT_CLASS = YES_ERROR;
				CLANG_WARN_QUOTED_INCLUDE_IN_FRAMEWORK_HEADER = YES;
				CLANG_WARN_RANGE_LOOP_ANALYSIS = YES;
				CLANG_WARN_STRICT_PROTOTYPES = YES;
				CLANG_WARN_SUSPICIOUS_MOVE = YES;
				CLANG_WARN_UNGUARDED_AVAILABILITY = YES_AGGRESSIVE;
				CLANG_WARN_UNREACHABLE_CODE = YES;
				CLANG_WARN__DUPLICATE_METHOD_MATCH = YES;
				COPY_PHASE_STRIP = NO;
				DEBUG_INFORMATION_FORMAT = "dwarf-with-dsym";
				ENABLE_NS_ASSERTIONS = NO;
				ENABLE_STRICT_OBJC_MSGSEND = YES;
				GCC_C_LANGUAGE_STANDARD = gnu11;
				GCC_NO_COMMON_BLOCKS = YES;
				GCC_WARN_64_TO_32_BIT_CONVERSION = YES;
				GCC_WARN_ABOUT_RETURN_TYPE = YES_ERROR;
				GCC_WARN_UNDECLARED_SELECTOR = YES;
				GCC_WARN_UNINITIALIZED_AUTOS = YES_AGGRESSIVE;
				GCC_WARN_UNUSED_FUNCTION = YES;
				GCC_WARN_UNUSED_VARIABLE = YES;
				IPHONEOS_DEPLOYMENT_TARGET = 15.2;
				MTL_ENABLE_DEBUG_INFO = NO;
				MTL_FAST_MATH = YES;
				SDKROOT = iphoneos;
				SWIFT_COMPILATION_MODE = wholemodule;
				SWIFT_OPTIMIZATION_LEVEL = "-O";
				VALIDATE_PRODUCT = YES;
			};
			name = Release;
		};
		041C8C5A29C0259A00B3670E /* Debug */ = {
			isa = XCBuildConfiguration;
			buildSettings = {
				ASSETCATALOG_COMPILER_APPICON_NAME = AppIcon;
				ASSETCATALOG_COMPILER_GLOBAL_ACCENT_COLOR_NAME = AccentColor;
				CODE_SIGN_STYLE = Automatic;
				CURRENT_PROJECT_VERSION = 1;
				DEVELOPMENT_ASSET_PATHS = "\"iOSExercise/Resources/Preview Content\"";
				ENABLE_PREVIEWS = YES;
				GENERATE_INFOPLIST_FILE = YES;
				INFOPLIST_FILE = iOSExercise/Resources/Info.plist;
				INFOPLIST_KEY_UIApplicationSceneManifest_Generation = YES;
				INFOPLIST_KEY_UIApplicationSupportsIndirectInputEvents = YES;
				INFOPLIST_KEY_UILaunchScreen_Generation = YES;
				INFOPLIST_KEY_UISupportedInterfaceOrientations_iPad = "UIInterfaceOrientationPortrait UIInterfaceOrientationPortraitUpsideDown UIInterfaceOrientationLandscapeLeft UIInterfaceOrientationLandscapeRight";
				INFOPLIST_KEY_UISupportedInterfaceOrientations_iPhone = "UIInterfaceOrientationPortrait UIInterfaceOrientationLandscapeLeft UIInterfaceOrientationLandscapeRight";
				LD_RUNPATH_SEARCH_PATHS = (
					"$(inherited)",
					"@executable_path/Frameworks",
				);
				MARKETING_VERSION = 1.0;
				PRODUCT_BUNDLE_IDENTIFIER = com.test.iOSExercise;
				PRODUCT_NAME = "$(TARGET_NAME)";
				SWIFT_EMIT_LOC_STRINGS = YES;
				SWIFT_VERSION = 5.0;
				TARGETED_DEVICE_FAMILY = "1,2";
			};
			name = Debug;
		};
		041C8C5B29C0259A00B3670E /* Release */ = {
			isa = XCBuildConfiguration;
			buildSettings = {
				ASSETCATALOG_COMPILER_APPICON_NAME = AppIcon;
				ASSETCATALOG_COMPILER_GLOBAL_ACCENT_COLOR_NAME = AccentColor;
				CODE_SIGN_STYLE = Automatic;
				CURRENT_PROJECT_VERSION = 1;
				DEVELOPMENT_ASSET_PATHS = "\"iOSExercise/Resources/Preview Content\"";
				ENABLE_PREVIEWS = YES;
				GENERATE_INFOPLIST_FILE = YES;
				INFOPLIST_FILE = iOSExercise/Resources/Info.plist;
				INFOPLIST_KEY_UIApplicationSceneManifest_Generation = YES;
				INFOPLIST_KEY_UIApplicationSupportsIndirectInputEvents = YES;
				INFOPLIST_KEY_UILaunchScreen_Generation = YES;
				INFOPLIST_KEY_UISupportedInterfaceOrientations_iPad = "UIInterfaceOrientationPortrait UIInterfaceOrientationPortraitUpsideDown UIInterfaceOrientationLandscapeLeft UIInterfaceOrientationLandscapeRight";
				INFOPLIST_KEY_UISupportedInterfaceOrientations_iPhone = "UIInterfaceOrientationPortrait UIInterfaceOrientationLandscapeLeft UIInterfaceOrientationLandscapeRight";
				LD_RUNPATH_SEARCH_PATHS = (
					"$(inherited)",
					"@executable_path/Frameworks",
				);
				MARKETING_VERSION = 1.0;
				PRODUCT_BUNDLE_IDENTIFIER = com.test.iOSExercise;
				PRODUCT_NAME = "$(TARGET_NAME)";
				SWIFT_EMIT_LOC_STRINGS = YES;
				SWIFT_VERSION = 5.0;
				TARGETED_DEVICE_FAMILY = "1,2";
			};
			name = Release;
		};
		041C8C5D29C0259A00B3670E /* Debug */ = {
			isa = XCBuildConfiguration;
			buildSettings = {
				ALWAYS_EMBED_SWIFT_STANDARD_LIBRARIES = YES;
				BUNDLE_LOADER = "$(TEST_HOST)";
				CODE_SIGN_STYLE = Automatic;
				CURRENT_PROJECT_VERSION = 1;
				GENERATE_INFOPLIST_FILE = YES;
				IPHONEOS_DEPLOYMENT_TARGET = 15.2;
				MARKETING_VERSION = 1.0;
				PRODUCT_BUNDLE_IDENTIFIER = com.test.iOSExerciseTests;
				PRODUCT_NAME = "$(TARGET_NAME)";
				SWIFT_EMIT_LOC_STRINGS = NO;
				SWIFT_VERSION = 5.0;
				TARGETED_DEVICE_FAMILY = "1,2";
				TEST_HOST = "$(BUILT_PRODUCTS_DIR)/iOSExercise.app/iOSExercise";
			};
			name = Debug;
		};
		041C8C5E29C0259A00B3670E /* Release */ = {
			isa = XCBuildConfiguration;
			buildSettings = {
				ALWAYS_EMBED_SWIFT_STANDARD_LIBRARIES = YES;
				BUNDLE_LOADER = "$(TEST_HOST)";
				CODE_SIGN_STYLE = Automatic;
				CURRENT_PROJECT_VERSION = 1;
				GENERATE_INFOPLIST_FILE = YES;
				IPHONEOS_DEPLOYMENT_TARGET = 15.2;
				MARKETING_VERSION = 1.0;
				PRODUCT_BUNDLE_IDENTIFIER = com.test.iOSExerciseTests;
				PRODUCT_NAME = "$(TARGET_NAME)";
				SWIFT_EMIT_LOC_STRINGS = NO;
				SWIFT_VERSION = 5.0;
				TARGETED_DEVICE_FAMILY = "1,2";
				TEST_HOST = "$(BUILT_PRODUCTS_DIR)/iOSExercise.app/iOSExercise";
			};
			name = Release;
		};
		041C8C6029C0259A00B3670E /* Debug */ = {
			isa = XCBuildConfiguration;
			buildSettings = {
				ALWAYS_EMBED_SWIFT_STANDARD_LIBRARIES = YES;
				CODE_SIGN_STYLE = Automatic;
				CURRENT_PROJECT_VERSION = 1;
				GENERATE_INFOPLIST_FILE = YES;
				MARKETING_VERSION = 1.0;
				PRODUCT_BUNDLE_IDENTIFIER = com.test.iOSExerciseUITests;
				PRODUCT_NAME = "$(TARGET_NAME)";
				SWIFT_EMIT_LOC_STRINGS = NO;
				SWIFT_VERSION = 5.0;
				TARGETED_DEVICE_FAMILY = "1,2";
				TEST_TARGET_NAME = iOSExercise;
			};
			name = Debug;
		};
		041C8C6129C0259A00B3670E /* Release */ = {
			isa = XCBuildConfiguration;
			buildSettings = {
				ALWAYS_EMBED_SWIFT_STANDARD_LIBRARIES = YES;
				CODE_SIGN_STYLE = Automatic;
				CURRENT_PROJECT_VERSION = 1;
				GENERATE_INFOPLIST_FILE = YES;
				MARKETING_VERSION = 1.0;
				PRODUCT_BUNDLE_IDENTIFIER = com.test.iOSExerciseUITests;
				PRODUCT_NAME = "$(TARGET_NAME)";
				SWIFT_EMIT_LOC_STRINGS = NO;
				SWIFT_VERSION = 5.0;
				TARGETED_DEVICE_FAMILY = "1,2";
				TEST_TARGET_NAME = iOSExercise;
			};
			name = Release;
		};
/* End XCBuildConfiguration section */

/* Begin XCConfigurationList section */
		041C8C3029C0259600B3670E /* Build configuration list for PBXProject "iOSExercise" */ = {
			isa = XCConfigurationList;
			buildConfigurations = (
				041C8C5729C0259A00B3670E /* Debug */,
				041C8C5829C0259A00B3670E /* Release */,
			);
			defaultConfigurationIsVisible = 0;
			defaultConfigurationName = Release;
		};
		041C8C5929C0259A00B3670E /* Build configuration list for PBXNativeTarget "iOSExercise" */ = {
			isa = XCConfigurationList;
			buildConfigurations = (
				041C8C5A29C0259A00B3670E /* Debug */,
				041C8C5B29C0259A00B3670E /* Release */,
			);
			defaultConfigurationIsVisible = 0;
			defaultConfigurationName = Release;
		};
		041C8C5C29C0259A00B3670E /* Build configuration list for PBXNativeTarget "iOSExerciseTests" */ = {
			isa = XCConfigurationList;
			buildConfigurations = (
				041C8C5D29C0259A00B3670E /* Debug */,
				041C8C5E29C0259A00B3670E /* Release */,
			);
			defaultConfigurationIsVisible = 0;
			defaultConfigurationName = Release;
		};
		041C8C5F29C0259A00B3670E /* Build configuration list for PBXNativeTarget "iOSExerciseUITests" */ = {
			isa = XCConfigurationList;
			buildConfigurations = (
				041C8C6029C0259A00B3670E /* Debug */,
				041C8C6129C0259A00B3670E /* Release */,
			);
			defaultConfigurationIsVisible = 0;
			defaultConfigurationName = Release;
		};
/* End XCConfigurationList section */
	};
	rootObject = 041C8C2D29C0259600B3670E /* Project object */;
}
